// !$*UTF8*$!
{
	archiveVersion = 1;
	classes = {
	};
	objectVersion = 50;
	objects = {

/* Begin PBXBuildFile section */
		731C7C1520FAC3F500512FDC /* AppDelegate.swift in Sources */ = {isa = PBXBuildFile; fileRef = 731C7C1420FAC3F500512FDC /* AppDelegate.swift */; };
		731C7C1A20FAC3F500512FDC /* Main.storyboard in Resources */ = {isa = PBXBuildFile; fileRef = 731C7C1820FAC3F500512FDC /* Main.storyboard */; };
		731C7C1D20FAC3F500512FDC /* FitnessTracker2.xcdatamodeld in Sources */ = {isa = PBXBuildFile; fileRef = 731C7C1B20FAC3F500512FDC /* FitnessTracker2.xcdatamodeld */; };
		731C7C1F20FAC3F500512FDC /* Assets.xcassets in Resources */ = {isa = PBXBuildFile; fileRef = 731C7C1E20FAC3F500512FDC /* Assets.xcassets */; };
		731C7C2220FAC3F500512FDC /* LaunchScreen.storyboard in Resources */ = {isa = PBXBuildFile; fileRef = 731C7C2020FAC3F500512FDC /* LaunchScreen.storyboard */; };
		731C7C2D20FAC3F500512FDC /* FitnessTracker2Tests.swift in Sources */ = {isa = PBXBuildFile; fileRef = 731C7C2C20FAC3F500512FDC /* FitnessTracker2Tests.swift */; };
		731C7C3820FAC3F500512FDC /* FitnessTracker2UITests.swift in Sources */ = {isa = PBXBuildFile; fileRef = 731C7C3720FAC3F500512FDC /* FitnessTracker2UITests.swift */; };
		731C7C4720FCC17C00512FDC /* SplitViewController.swift in Sources */ = {isa = PBXBuildFile; fileRef = 731C7C4620FCC17C00512FDC /* SplitViewController.swift */; };
		731C7C4920FCC27100512FDC /* PreviousWorkoutsTableViewController.swift in Sources */ = {isa = PBXBuildFile; fileRef = 731C7C4820FCC27100512FDC /* PreviousWorkoutsTableViewController.swift */; };
		731C7C4B20FCC3C300512FDC /* PreviousWorkoutsViewModel.swift in Sources */ = {isa = PBXBuildFile; fileRef = 731C7C4A20FCC3C300512FDC /* PreviousWorkoutsViewModel.swift */; };
		731C7C4D20FCC3FD00512FDC /* WorkoutModel.swift in Sources */ = {isa = PBXBuildFile; fileRef = 731C7C4C20FCC3FD00512FDC /* WorkoutModel.swift */; };
		731C7C4F20FCC70C00512FDC /* WorkoutCell.swift in Sources */ = {isa = PBXBuildFile; fileRef = 731C7C4E20FCC70C00512FDC /* WorkoutCell.swift */; };
		731C7C5120FE125A00512FDC /* ExerciseWeightsModel.swift in Sources */ = {isa = PBXBuildFile; fileRef = 731C7C5020FE125A00512FDC /* ExerciseWeightsModel.swift */; };
		731C7C5420FE136400512FDC /* ExerciseProtocol.swift in Sources */ = {isa = PBXBuildFile; fileRef = 731C7C5320FE136400512FDC /* ExerciseProtocol.swift */; };
		731C7C5620FE142C00512FDC /* ExerciseDistanceModel.swift in Sources */ = {isa = PBXBuildFile; fileRef = 731C7C5520FE142C00512FDC /* ExerciseDistanceModel.swift */; };
		731C7C5A20FE99A500512FDC /* ExerciseConstants.swift in Sources */ = {isa = PBXBuildFile; fileRef = 731C7C5920FE99A500512FDC /* ExerciseConstants.swift */; };
/* End PBXBuildFile section */

/* Begin PBXContainerItemProxy section */
		731C7C2920FAC3F500512FDC /* PBXContainerItemProxy */ = {
			isa = PBXContainerItemProxy;
			containerPortal = 731C7C0920FAC3F500512FDC /* Project object */;
			proxyType = 1;
			remoteGlobalIDString = 731C7C1020FAC3F500512FDC;
			remoteInfo = FitnessTracker2;
		};
		731C7C3420FAC3F500512FDC /* PBXContainerItemProxy */ = {
			isa = PBXContainerItemProxy;
			containerPortal = 731C7C0920FAC3F500512FDC /* Project object */;
			proxyType = 1;
			remoteGlobalIDString = 731C7C1020FAC3F500512FDC;
			remoteInfo = FitnessTracker2;
		};
/* End PBXContainerItemProxy section */

/* Begin PBXFileReference section */
		731C7C1120FAC3F500512FDC /* FitnessTracker2.app */ = {isa = PBXFileReference; explicitFileType = wrapper.application; includeInIndex = 0; path = FitnessTracker2.app; sourceTree = BUILT_PRODUCTS_DIR; };
		731C7C1420FAC3F500512FDC /* AppDelegate.swift */ = {isa = PBXFileReference; lastKnownFileType = sourcecode.swift; path = AppDelegate.swift; sourceTree = "<group>"; };
		731C7C1920FAC3F500512FDC /* Base */ = {isa = PBXFileReference; lastKnownFileType = file.storyboard; name = Base; path = Base.lproj/Main.storyboard; sourceTree = "<group>"; };
		731C7C1C20FAC3F500512FDC /* FitnessTracker2.xcdatamodel */ = {isa = PBXFileReference; lastKnownFileType = wrapper.xcdatamodel; path = FitnessTracker2.xcdatamodel; sourceTree = "<group>"; };
		731C7C1E20FAC3F500512FDC /* Assets.xcassets */ = {isa = PBXFileReference; lastKnownFileType = folder.assetcatalog; path = Assets.xcassets; sourceTree = "<group>"; };
		731C7C2120FAC3F500512FDC /* Base */ = {isa = PBXFileReference; lastKnownFileType = file.storyboard; name = Base; path = Base.lproj/LaunchScreen.storyboard; sourceTree = "<group>"; };
		731C7C2320FAC3F500512FDC /* Info.plist */ = {isa = PBXFileReference; lastKnownFileType = text.plist.xml; path = Info.plist; sourceTree = "<group>"; };
		731C7C2820FAC3F500512FDC /* FitnessTracker2Tests.xctest */ = {isa = PBXFileReference; explicitFileType = wrapper.cfbundle; includeInIndex = 0; path = FitnessTracker2Tests.xctest; sourceTree = BUILT_PRODUCTS_DIR; };
		731C7C2C20FAC3F500512FDC /* FitnessTracker2Tests.swift */ = {isa = PBXFileReference; lastKnownFileType = sourcecode.swift; path = FitnessTracker2Tests.swift; sourceTree = "<group>"; };
		731C7C2E20FAC3F500512FDC /* Info.plist */ = {isa = PBXFileReference; lastKnownFileType = text.plist.xml; path = Info.plist; sourceTree = "<group>"; };
		731C7C3320FAC3F500512FDC /* FitnessTracker2UITests.xctest */ = {isa = PBXFileReference; explicitFileType = wrapper.cfbundle; includeInIndex = 0; path = FitnessTracker2UITests.xctest; sourceTree = BUILT_PRODUCTS_DIR; };
		731C7C3720FAC3F500512FDC /* FitnessTracker2UITests.swift */ = {isa = PBXFileReference; lastKnownFileType = sourcecode.swift; path = FitnessTracker2UITests.swift; sourceTree = "<group>"; };
		731C7C3920FAC3F500512FDC /* Info.plist */ = {isa = PBXFileReference; lastKnownFileType = text.plist.xml; path = Info.plist; sourceTree = "<group>"; };
		731C7C4620FCC17C00512FDC /* SplitViewController.swift */ = {isa = PBXFileReference; lastKnownFileType = sourcecode.swift; path = SplitViewController.swift; sourceTree = "<group>"; };
		731C7C4820FCC27100512FDC /* PreviousWorkoutsTableViewController.swift */ = {isa = PBXFileReference; lastKnownFileType = sourcecode.swift; path = PreviousWorkoutsTableViewController.swift; sourceTree = "<group>"; };
		731C7C4A20FCC3C300512FDC /* PreviousWorkoutsViewModel.swift */ = {isa = PBXFileReference; lastKnownFileType = sourcecode.swift; path = PreviousWorkoutsViewModel.swift; sourceTree = "<group>"; };
		731C7C4C20FCC3FD00512FDC /* WorkoutModel.swift */ = {isa = PBXFileReference; lastKnownFileType = sourcecode.swift; path = WorkoutModel.swift; sourceTree = "<group>"; };
		731C7C4E20FCC70C00512FDC /* WorkoutCell.swift */ = {isa = PBXFileReference; lastKnownFileType = sourcecode.swift; path = WorkoutCell.swift; sourceTree = "<group>"; };
		731C7C5020FE125A00512FDC /* ExerciseWeightsModel.swift */ = {isa = PBXFileReference; lastKnownFileType = sourcecode.swift; path = ExerciseWeightsModel.swift; sourceTree = "<group>"; };
		731C7C5320FE136400512FDC /* ExerciseProtocol.swift */ = {isa = PBXFileReference; lastKnownFileType = sourcecode.swift; path = ExerciseProtocol.swift; sourceTree = "<group>"; };
		731C7C5520FE142C00512FDC /* ExerciseDistanceModel.swift */ = {isa = PBXFileReference; lastKnownFileType = sourcecode.swift; path = ExerciseDistanceModel.swift; sourceTree = "<group>"; };
		731C7C5920FE99A500512FDC /* ExerciseConstants.swift */ = {isa = PBXFileReference; lastKnownFileType = sourcecode.swift; path = ExerciseConstants.swift; sourceTree = "<group>"; };
/* End PBXFileReference section */

/* Begin PBXFrameworksBuildPhase section */
		731C7C0E20FAC3F500512FDC /* Frameworks */ = {
			isa = PBXFrameworksBuildPhase;
			buildActionMask = 2147483647;
			files = (
			);
			runOnlyForDeploymentPostprocessing = 0;
		};
		731C7C2520FAC3F500512FDC /* Frameworks */ = {
			isa = PBXFrameworksBuildPhase;
			buildActionMask = 2147483647;
			files = (
			);
			runOnlyForDeploymentPostprocessing = 0;
		};
		731C7C3020FAC3F500512FDC /* Frameworks */ = {
			isa = PBXFrameworksBuildPhase;
			buildActionMask = 2147483647;
			files = (
			);
			runOnlyForDeploymentPostprocessing = 0;
		};
/* End PBXFrameworksBuildPhase section */

/* Begin PBXGroup section */
		731C7C0820FAC3F500512FDC = {
			isa = PBXGroup;
			children = (
				731C7C1320FAC3F500512FDC /* FitnessTracker2 */,
				731C7C2B20FAC3F500512FDC /* FitnessTracker2Tests */,
				731C7C3620FAC3F500512FDC /* FitnessTracker2UITests */,
				731C7C1220FAC3F500512FDC /* Products */,
			);
			sourceTree = "<group>";
		};
		731C7C1220FAC3F500512FDC /* Products */ = {
			isa = PBXGroup;
			children = (
				731C7C1120FAC3F500512FDC /* FitnessTracker2.app */,
				731C7C2820FAC3F500512FDC /* FitnessTracker2Tests.xctest */,
				731C7C3320FAC3F500512FDC /* FitnessTracker2UITests.xctest */,
			);
			name = Products;
			sourceTree = "<group>";
		};
		731C7C1320FAC3F500512FDC /* FitnessTracker2 */ = {
			isa = PBXGroup;
			children = (
				731C7C1420FAC3F500512FDC /* AppDelegate.swift */,
				731C7C1820FAC3F500512FDC /* Main.storyboard */,
				731C7C1E20FAC3F500512FDC /* Assets.xcassets */,
				731C7C2020FAC3F500512FDC /* LaunchScreen.storyboard */,
				731C7C2320FAC3F500512FDC /* Info.plist */,
				731C7C1B20FAC3F500512FDC /* FitnessTracker2.xcdatamodeld */,
				731C7C4620FCC17C00512FDC /* SplitViewController.swift */,
				731C7C5820FE95C900512FDC /* WorkoutHistory */,
				731C7C5720FE95A700512FDC /* ExerciseModels */,
			);
			path = FitnessTracker2;
			sourceTree = "<group>";
		};
		731C7C2B20FAC3F500512FDC /* FitnessTracker2Tests */ = {
			isa = PBXGroup;
			children = (
				731C7C2C20FAC3F500512FDC /* FitnessTracker2Tests.swift */,
				731C7C2E20FAC3F500512FDC /* Info.plist */,
			);
			path = FitnessTracker2Tests;
			sourceTree = "<group>";
		};
		731C7C3620FAC3F500512FDC /* FitnessTracker2UITests */ = {
			isa = PBXGroup;
			children = (
				731C7C3720FAC3F500512FDC /* FitnessTracker2UITests.swift */,
				731C7C3920FAC3F500512FDC /* Info.plist */,
			);
			path = FitnessTracker2UITests;
			sourceTree = "<group>";
		};
		731C7C5720FE95A700512FDC /* ExerciseModels */ = {
			isa = PBXGroup;
			children = (
				731C7C5020FE125A00512FDC /* ExerciseWeightsModel.swift */,
				731C7C5320FE136400512FDC /* ExerciseProtocol.swift */,
				731C7C5520FE142C00512FDC /* ExerciseDistanceModel.swift */,
				731C7C5920FE99A500512FDC /* ExerciseConstants.swift */,
			);
			path = ExerciseModels;
			sourceTree = "<group>";
		};
		731C7C5820FE95C900512FDC /* WorkoutHistory */ = {
			isa = PBXGroup;
			children = (
				731C7C4820FCC27100512FDC /* PreviousWorkoutsTableViewController.swift */,
				731C7C4A20FCC3C300512FDC /* PreviousWorkoutsViewModel.swift */,
				731C7C4C20FCC3FD00512FDC /* WorkoutModel.swift */,
				731C7C4E20FCC70C00512FDC /* WorkoutCell.swift */,
			);
			path = WorkoutHistory;
			sourceTree = "<group>";
		};
/* End PBXGroup section */

/* Begin PBXNativeTarget section */
		731C7C1020FAC3F500512FDC /* FitnessTracker2 */ = {
			isa = PBXNativeTarget;
			buildConfigurationList = 731C7C3C20FAC3F500512FDC /* Build configuration list for PBXNativeTarget "FitnessTracker2" */;
			buildPhases = (
				731C7C0D20FAC3F500512FDC /* Sources */,
				731C7C0E20FAC3F500512FDC /* Frameworks */,
				731C7C0F20FAC3F500512FDC /* Resources */,
				731C7C4520FAC48E00512FDC /* ShellScript */,
			);
			buildRules = (
			);
			dependencies = (
			);
			name = FitnessTracker2;
			productName = FitnessTracker2;
			productReference = 731C7C1120FAC3F500512FDC /* FitnessTracker2.app */;
			productType = "com.apple.product-type.application";
		};
		731C7C2720FAC3F500512FDC /* FitnessTracker2Tests */ = {
			isa = PBXNativeTarget;
			buildConfigurationList = 731C7C3F20FAC3F500512FDC /* Build configuration list for PBXNativeTarget "FitnessTracker2Tests" */;
			buildPhases = (
				731C7C2420FAC3F500512FDC /* Sources */,
				731C7C2520FAC3F500512FDC /* Frameworks */,
				731C7C2620FAC3F500512FDC /* Resources */,
			);
			buildRules = (
			);
			dependencies = (
				731C7C2A20FAC3F500512FDC /* PBXTargetDependency */,
			);
			name = FitnessTracker2Tests;
			productName = FitnessTracker2Tests;
			productReference = 731C7C2820FAC3F500512FDC /* FitnessTracker2Tests.xctest */;
			productType = "com.apple.product-type.bundle.unit-test";
		};
		731C7C3220FAC3F500512FDC /* FitnessTracker2UITests */ = {
			isa = PBXNativeTarget;
			buildConfigurationList = 731C7C4220FAC3F500512FDC /* Build configuration list for PBXNativeTarget "FitnessTracker2UITests" */;
			buildPhases = (
				731C7C2F20FAC3F500512FDC /* Sources */,
				731C7C3020FAC3F500512FDC /* Frameworks */,
				731C7C3120FAC3F500512FDC /* Resources */,
			);
			buildRules = (
			);
			dependencies = (
				731C7C3520FAC3F500512FDC /* PBXTargetDependency */,
			);
			name = FitnessTracker2UITests;
			productName = FitnessTracker2UITests;
			productReference = 731C7C3320FAC3F500512FDC /* FitnessTracker2UITests.xctest */;
			productType = "com.apple.product-type.bundle.ui-testing";
		};
/* End PBXNativeTarget section */

/* Begin PBXProject section */
		731C7C0920FAC3F500512FDC /* Project object */ = {
			isa = PBXProject;
			attributes = {
				LastSwiftUpdateCheck = 0940;
				LastUpgradeCheck = 0940;
				ORGANIZATIONNAME = "Brandon Campbell";
				TargetAttributes = {
					731C7C1020FAC3F500512FDC = {
						CreatedOnToolsVersion = 9.4.1;
					};
					731C7C2720FAC3F500512FDC = {
						CreatedOnToolsVersion = 9.4.1;
						TestTargetID = 731C7C1020FAC3F500512FDC;
					};
					731C7C3220FAC3F500512FDC = {
						CreatedOnToolsVersion = 9.4.1;
						TestTargetID = 731C7C1020FAC3F500512FDC;
					};
				};
			};
			buildConfigurationList = 731C7C0C20FAC3F500512FDC /* Build configuration list for PBXProject "FitnessTracker2" */;
			compatibilityVersion = "Xcode 9.3";
			developmentRegion = en;
			hasScannedForEncodings = 0;
			knownRegions = (
				en,
				Base,
			);
			mainGroup = 731C7C0820FAC3F500512FDC;
			productRefGroup = 731C7C1220FAC3F500512FDC /* Products */;
			projectDirPath = "";
			projectRoot = "";
			targets = (
				731C7C1020FAC3F500512FDC /* FitnessTracker2 */,
				731C7C2720FAC3F500512FDC /* FitnessTracker2Tests */,
				731C7C3220FAC3F500512FDC /* FitnessTracker2UITests */,
			);
		};
/* End PBXProject section */

/* Begin PBXResourcesBuildPhase section */
		731C7C0F20FAC3F500512FDC /* Resources */ = {
			isa = PBXResourcesBuildPhase;
			buildActionMask = 2147483647;
			files = (
				731C7C2220FAC3F500512FDC /* LaunchScreen.storyboard in Resources */,
				731C7C1F20FAC3F500512FDC /* Assets.xcassets in Resources */,
				731C7C1A20FAC3F500512FDC /* Main.storyboard in Resources */,
			);
			runOnlyForDeploymentPostprocessing = 0;
		};
		731C7C2620FAC3F500512FDC /* Resources */ = {
			isa = PBXResourcesBuildPhase;
			buildActionMask = 2147483647;
			files = (
			);
			runOnlyForDeploymentPostprocessing = 0;
		};
		731C7C3120FAC3F500512FDC /* Resources */ = {
			isa = PBXResourcesBuildPhase;
			buildActionMask = 2147483647;
			files = (
			);
			runOnlyForDeploymentPostprocessing = 0;
		};
/* End PBXResourcesBuildPhase section */

/* Begin PBXShellScriptBuildPhase section */
		731C7C4520FAC48E00512FDC /* ShellScript */ = {
			isa = PBXShellScriptBuildPhase;
			buildActionMask = 2147483647;
			files = (
			);
			inputPaths = (
			);
			outputPaths = (
			);
			runOnlyForDeploymentPostprocessing = 0;
			shellPath = /bin/sh;
			shellScript = "if which swiftlint >/dev/null; then\n    swiftlint\nelse\n    echo \"warning: SwiftLint not installed, download from https://github.com/realm/SwiftLint\"\nfi";
		};
/* End PBXShellScriptBuildPhase section */

/* Begin PBXSourcesBuildPhase section */
		731C7C0D20FAC3F500512FDC /* Sources */ = {
			isa = PBXSourcesBuildPhase;
			buildActionMask = 2147483647;
			files = (
				731C7C4B20FCC3C300512FDC /* PreviousWorkoutsViewModel.swift in Sources */,
				731C7C4F20FCC70C00512FDC /* WorkoutCell.swift in Sources */,
				731C7C4D20FCC3FD00512FDC /* WorkoutModel.swift in Sources */,
				731C7C5A20FE99A500512FDC /* ExerciseConstants.swift in Sources */,
				731C7C1D20FAC3F500512FDC /* FitnessTracker2.xcdatamodeld in Sources */,
				731C7C1520FAC3F500512FDC /* AppDelegate.swift in Sources */,
				731C7C4920FCC27100512FDC /* PreviousWorkoutsTableViewController.swift in Sources */,
				731C7C5620FE142C00512FDC /* ExerciseDistanceModel.swift in Sources */,
				731C7C4720FCC17C00512FDC /* SplitViewController.swift in Sources */,
				731C7C5120FE125A00512FDC /* ExerciseWeightsModel.swift in Sources */,
				731C7C5420FE136400512FDC /* ExerciseProtocol.swift in Sources */,
			);
			runOnlyForDeploymentPostprocessing = 0;
		};
		731C7C2420FAC3F500512FDC /* Sources */ = {
			isa = PBXSourcesBuildPhase;
			buildActionMask = 2147483647;
			files = (
				731C7C2D20FAC3F500512FDC /* FitnessTracker2Tests.swift in Sources */,
			);
			runOnlyForDeploymentPostprocessing = 0;
		};
		731C7C2F20FAC3F500512FDC /* Sources */ = {
			isa = PBXSourcesBuildPhase;
			buildActionMask = 2147483647;
			files = (
				731C7C3820FAC3F500512FDC /* FitnessTracker2UITests.swift in Sources */,
			);
			runOnlyForDeploymentPostprocessing = 0;
		};
/* End PBXSourcesBuildPhase section */

/* Begin PBXTargetDependency section */
		731C7C2A20FAC3F500512FDC /* PBXTargetDependency */ = {
			isa = PBXTargetDependency;
			target = 731C7C1020FAC3F500512FDC /* FitnessTracker2 */;
			targetProxy = 731C7C2920FAC3F500512FDC /* PBXContainerItemProxy */;
		};
		731C7C3520FAC3F500512FDC /* PBXTargetDependency */ = {
			isa = PBXTargetDependency;
			target = 731C7C1020FAC3F500512FDC /* FitnessTracker2 */;
			targetProxy = 731C7C3420FAC3F500512FDC /* PBXContainerItemProxy */;
		};
/* End PBXTargetDependency section */

/* Begin PBXVariantGroup section */
		731C7C1820FAC3F500512FDC /* Main.storyboard */ = {
			isa = PBXVariantGroup;
			children = (
				731C7C1920FAC3F500512FDC /* Base */,
			);
			name = Main.storyboard;
			sourceTree = "<group>";
		};
		731C7C2020FAC3F500512FDC /* LaunchScreen.storyboard */ = {
			isa = PBXVariantGroup;
			children = (
				731C7C2120FAC3F500512FDC /* Base */,
			);
			name = LaunchScreen.storyboard;
			sourceTree = "<group>";
		};
/* End PBXVariantGroup section */

/* Begin XCBuildConfiguration section */
		731C7C3A20FAC3F500512FDC /* Debug */ = {
			isa = XCBuildConfiguration;
			buildSettings = {
				ALWAYS_SEARCH_USER_PATHS = NO;
				CLANG_ANALYZER_NONNULL = YES;
				CLANG_ANALYZER_NUMBER_OBJECT_CONVERSION = YES_AGGRESSIVE;
				CLANG_CXX_LANGUAGE_STANDARD = "gnu++14";
				CLANG_CXX_LIBRARY = "libc++";
				CLANG_ENABLE_MODULES = YES;
				CLANG_ENABLE_OBJC_ARC = YES;
				CLANG_ENABLE_OBJC_WEAK = YES;
				CLANG_WARN_BLOCK_CAPTURE_AUTORELEASING = YES;
				CLANG_WARN_BOOL_CONVERSION = YES;
				CLANG_WARN_COMMA = YES;
				CLANG_WARN_CONSTANT_CONVERSION = YES;
				CLANG_WARN_DEPRECATED_OBJC_IMPLEMENTATIONS = YES;
				CLANG_WARN_DIRECT_OBJC_ISA_USAGE = YES_ERROR;
				CLANG_WARN_DOCUMENTATION_COMMENTS = YES;
				CLANG_WARN_EMPTY_BODY = YES;
				CLANG_WARN_ENUM_CONVERSION = YES;
				CLANG_WARN_INFINITE_RECURSION = YES;
				CLANG_WARN_INT_CONVERSION = YES;
				CLANG_WARN_NON_LITERAL_NULL_CONVERSION = YES;
				CLANG_WARN_OBJC_IMPLICIT_RETAIN_SELF = YES;
				CLANG_WARN_OBJC_LITERAL_CONVERSION = YES;
				CLANG_WARN_OBJC_ROOT_CLASS = YES_ERROR;
				CLANG_WARN_RANGE_LOOP_ANALYSIS = YES;
				CLANG_WARN_STRICT_PROTOTYPES = YES;
				CLANG_WARN_SUSPICIOUS_MOVE = YES;
				CLANG_WARN_UNGUARDED_AVAILABILITY = YES_AGGRESSIVE;
				CLANG_WARN_UNREACHABLE_CODE = YES;
				CLANG_WARN__DUPLICATE_METHOD_MATCH = YES;
				CODE_SIGN_IDENTITY = "iPhone Developer";
				COPY_PHASE_STRIP = NO;
				DEBUG_INFORMATION_FORMAT = dwarf;
				ENABLE_STRICT_OBJC_MSGSEND = YES;
				ENABLE_TESTABILITY = YES;
				GCC_C_LANGUAGE_STANDARD = gnu11;
				GCC_DYNAMIC_NO_PIC = NO;
				GCC_NO_COMMON_BLOCKS = YES;
				GCC_OPTIMIZATION_LEVEL = 0;
				GCC_PREPROCESSOR_DEFINITIONS = (
					"DEBUG=1",
					"$(inherited)",
				);
				GCC_WARN_64_TO_32_BIT_CONVERSION = YES;
				GCC_WARN_ABOUT_RETURN_TYPE = YES_ERROR;
				GCC_WARN_UNDECLARED_SELECTOR = YES;
				GCC_WARN_UNINITIALIZED_AUTOS = YES_AGGRESSIVE;
				GCC_WARN_UNUSED_FUNCTION = YES;
				GCC_WARN_UNUSED_VARIABLE = YES;
				IPHONEOS_DEPLOYMENT_TARGET = 11.4;
				MTL_ENABLE_DEBUG_INFO = YES;
				ONLY_ACTIVE_ARCH = YES;
				SDKROOT = iphoneos;
				SWIFT_ACTIVE_COMPILATION_CONDITIONS = DEBUG;
				SWIFT_OPTIMIZATION_LEVEL = "-Onone";
			};
			name = Debug;
		};
		731C7C3B20FAC3F500512FDC /* Release */ = {
			isa = XCBuildConfiguration;
			buildSettings = {
				ALWAYS_SEARCH_USER_PATHS = NO;
				CLANG_ANALYZER_NONNULL = YES;
				CLANG_ANALYZER_NUMBER_OBJECT_CONVERSION = YES_AGGRESSIVE;
				CLANG_CXX_LANGUAGE_STANDARD = "gnu++14";
				CLANG_CXX_LIBRARY = "libc++";
				CLANG_ENABLE_MODULES = YES;
				CLANG_ENABLE_OBJC_ARC = YES;
				CLANG_ENABLE_OBJC_WEAK = YES;
				CLANG_WARN_BLOCK_CAPTURE_AUTORELEASING = YES;
				CLANG_WARN_BOOL_CONVERSION = YES;
				CLANG_WARN_COMMA = YES;
				CLANG_WARN_CONSTANT_CONVERSION = YES;
				CLANG_WARN_DEPRECATED_OBJC_IMPLEMENTATIONS = YES;
				CLANG_WARN_DIRECT_OBJC_ISA_USAGE = YES_ERROR;
				CLANG_WARN_DOCUMENTATION_COMMENTS = YES;
				CLANG_WARN_EMPTY_BODY = YES;
				CLANG_WARN_ENUM_CONVERSION = YES;
				CLANG_WARN_INFINITE_RECURSION = YES;
				CLANG_WARN_INT_CONVERSION = YES;
				CLANG_WARN_NON_LITERAL_NULL_CONVERSION = YES;
				CLANG_WARN_OBJC_IMPLICIT_RETAIN_SELF = YES;
				CLANG_WARN_OBJC_LITERAL_CONVERSION = YES;
				CLANG_WARN_OBJC_ROOT_CLASS = YES_ERROR;
				CLANG_WARN_RANGE_LOOP_ANALYSIS = YES;
				CLANG_WARN_STRICT_PROTOTYPES = YES;
				CLANG_WARN_SUSPICIOUS_MOVE = YES;
				CLANG_WARN_UNGUARDED_AVAILABILITY = YES_AGGRESSIVE;
				CLANG_WARN_UNREACHABLE_CODE = YES;
				CLANG_WARN__DUPLICATE_METHOD_MATCH = YES;
				CODE_SIGN_IDENTITY = "iPhone Developer";
				COPY_PHASE_STRIP = NO;
				DEBUG_INFORMATION_FORMAT = "dwarf-with-dsym";
				ENABLE_NS_ASSERTIONS = NO;
				ENABLE_STRICT_OBJC_MSGSEND = YES;
				GCC_C_LANGUAGE_STANDARD = gnu11;
				GCC_NO_COMMON_BLOCKS = YES;
				GCC_WARN_64_TO_32_BIT_CONVERSION = YES;
				GCC_WARN_ABOUT_RETURN_TYPE = YES_ERROR;
				GCC_WARN_UNDECLARED_SELECTOR = YES;
				GCC_WARN_UNINITIALIZED_AUTOS = YES_AGGRESSIVE;
				GCC_WARN_UNUSED_FUNCTION = YES;
				GCC_WARN_UNUSED_VARIABLE = YES;
				IPHONEOS_DEPLOYMENT_TARGET = 11.4;
				MTL_ENABLE_DEBUG_INFO = NO;
				SDKROOT = iphoneos;
				SWIFT_COMPILATION_MODE = wholemodule;
				SWIFT_OPTIMIZATION_LEVEL = "-O";
				VALIDATE_PRODUCT = YES;
			};
			name = Release;
		};
		731C7C3D20FAC3F500512FDC /* Debug */ = {
			isa = XCBuildConfiguration;
			buildSettings = {
				ASSETCATALOG_COMPILER_APPICON_NAME = AppIcon;
				CODE_SIGN_STYLE = Automatic;
				DEVELOPMENT_TEAM = 8HW58WL48H;
				INFOPLIST_FILE = FitnessTracker2/Info.plist;
				LD_RUNPATH_SEARCH_PATHS = (
					"$(inherited)",
					"@executable_path/Frameworks",
				);
				PRODUCT_BUNDLE_IDENTIFIER = com.FitnessTracker2;
				PRODUCT_NAME = "$(TARGET_NAME)";
				SWIFT_VERSION = 4.0;
				TARGETED_DEVICE_FAMILY = "1,2";
			};
			name = Debug;
		};
		731C7C3E20FAC3F500512FDC /* Release */ = {
			isa = XCBuildConfiguration;
			buildSettings = {
				ASSETCATALOG_COMPILER_APPICON_NAME = AppIcon;
				CODE_SIGN_STYLE = Automatic;
				DEVELOPMENT_TEAM = 8HW58WL48H;
				INFOPLIST_FILE = FitnessTracker2/Info.plist;
				LD_RUNPATH_SEARCH_PATHS = (
					"$(inherited)",
					"@executable_path/Frameworks",
				);
				PRODUCT_BUNDLE_IDENTIFIER = com.FitnessTracker2;
				PRODUCT_NAME = "$(TARGET_NAME)";
				SWIFT_VERSION = 4.0;
				TARGETED_DEVICE_FAMILY = "1,2";
			};
			name = Release;
		};
		731C7C4020FAC3F500512FDC /* Debug */ = {
			isa = XCBuildConfiguration;
			buildSettings = {
				ALWAYS_EMBED_SWIFT_STANDARD_LIBRARIES = YES;
				BUNDLE_LOADER = "$(TEST_HOST)";
				CODE_SIGN_STYLE = Automatic;
				DEVELOPMENT_TEAM = 8HW58WL48H;
				INFOPLIST_FILE = FitnessTracker2Tests/Info.plist;
				LD_RUNPATH_SEARCH_PATHS = (
					"$(inherited)",
					"@executable_path/Frameworks",
					"@loader_path/Frameworks",
				);
				PRODUCT_BUNDLE_IDENTIFIER = com.FitnessTracker2Tests;
				PRODUCT_NAME = "$(TARGET_NAME)";
				SWIFT_VERSION = 4.0;
				TARGETED_DEVICE_FAMILY = "1,2";
				TEST_HOST = "$(BUILT_PRODUCTS_DIR)/FitnessTracker2.app/FitnessTracker2";
			};
			name = Debug;
		};
		731C7C4120FAC3F500512FDC /* Release */ = {
			isa = XCBuildConfiguration;
			buildSettings = {
				ALWAYS_EMBED_SWIFT_STANDARD_LIBRARIES = YES;
				BUNDLE_LOADER = "$(TEST_HOST)";
				CODE_SIGN_STYLE = Automatic;
				DEVELOPMENT_TEAM = 8HW58WL48H;
				INFOPLIST_FILE = FitnessTracker2Tests/Info.plist;
				LD_RUNPATH_SEARCH_PATHS = (
					"$(inherited)",
					"@executable_path/Frameworks",
					"@loader_path/Frameworks",
				);
				PRODUCT_BUNDLE_IDENTIFIER = com.FitnessTracker2Tests;
				PRODUCT_NAME = "$(TARGET_NAME)";
				SWIFT_VERSION = 4.0;
				TARGETED_DEVICE_FAMILY = "1,2";
				TEST_HOST = "$(BUILT_PRODUCTS_DIR)/FitnessTracker2.app/FitnessTracker2";
			};
			name = Release;
		};
		731C7C4320FAC3F500512FDC /* Debug */ = {
			isa = XCBuildConfiguration;
			buildSettings = {
				ALWAYS_EMBED_SWIFT_STANDARD_LIBRARIES = YES;
				CODE_SIGN_STYLE = Automatic;
				DEVELOPMENT_TEAM = 8HW58WL48H;
				INFOPLIST_FILE = FitnessTracker2UITests/Info.plist;
				LD_RUNPATH_SEARCH_PATHS = (
					"$(inherited)",
					"@executable_path/Frameworks",
					"@loader_path/Frameworks",
				);
				PRODUCT_BUNDLE_IDENTIFIER = com.FitnessTracker2UITests;
				PRODUCT_NAME = "$(TARGET_NAME)";
				SWIFT_VERSION = 4.0;
				TARGETED_DEVICE_FAMILY = "1,2";
				TEST_TARGET_NAME = FitnessTracker2;
			};
			name = Debug;
		};
		731C7C4420FAC3F500512FDC /* Release */ = {
			isa = XCBuildConfiguration;
			buildSettings = {
				ALWAYS_EMBED_SWIFT_STANDARD_LIBRARIES = YES;
				CODE_SIGN_STYLE = Automatic;
				DEVELOPMENT_TEAM = 8HW58WL48H;
				INFOPLIST_FILE = FitnessTracker2UITests/Info.plist;
				LD_RUNPATH_SEARCH_PATHS = (
					"$(inherited)",
					"@executable_path/Frameworks",
					"@loader_path/Frameworks",
				);
				PRODUCT_BUNDLE_IDENTIFIER = com.FitnessTracker2UITests;
				PRODUCT_NAME = "$(TARGET_NAME)";
				SWIFT_VERSION = 4.0;
				TARGETED_DEVICE_FAMILY = "1,2";
				TEST_TARGET_NAME = FitnessTracker2;
			};
			name = Release;
		};
/* End XCBuildConfiguration section */

/* Begin XCConfigurationList section */
		731C7C0C20FAC3F500512FDC /* Build configuration list for PBXProject "FitnessTracker2" */ = {
			isa = XCConfigurationList;
			buildConfigurations = (
				731C7C3A20FAC3F500512FDC /* Debug */,
				731C7C3B20FAC3F500512FDC /* Release */,
			);
			defaultConfigurationIsVisible = 0;
			defaultConfigurationName = Release;
		};
		731C7C3C20FAC3F500512FDC /* Build configuration list for PBXNativeTarget "FitnessTracker2" */ = {
			isa = XCConfigurationList;
			buildConfigurations = (
				731C7C3D20FAC3F500512FDC /* Debug */,
				731C7C3E20FAC3F500512FDC /* Release */,
			);
			defaultConfigurationIsVisible = 0;
			defaultConfigurationName = Release;
		};
		731C7C3F20FAC3F500512FDC /* Build configuration list for PBXNativeTarget "FitnessTracker2Tests" */ = {
			isa = XCConfigurationList;
			buildConfigurations = (
				731C7C4020FAC3F500512FDC /* Debug */,
				731C7C4120FAC3F500512FDC /* Release */,
			);
			defaultConfigurationIsVisible = 0;
			defaultConfigurationName = Release;
		};
		731C7C4220FAC3F500512FDC /* Build configuration list for PBXNativeTarget "FitnessTracker2UITests" */ = {
			isa = XCConfigurationList;
			buildConfigurations = (
				731C7C4320FAC3F500512FDC /* Debug */,
				731C7C4420FAC3F500512FDC /* Release */,
			);
			defaultConfigurationIsVisible = 0;
			defaultConfigurationName = Release;
		};
/* End XCConfigurationList section */

/* Begin XCVersionGroup section */
		731C7C1B20FAC3F500512FDC /* FitnessTracker2.xcdatamodeld */ = {
			isa = XCVersionGroup;
			children = (
				731C7C1C20FAC3F500512FDC /* FitnessTracker2.xcdatamodel */,
			);
			currentVersion = 731C7C1C20FAC3F500512FDC /* FitnessTracker2.xcdatamodel */;
			path = FitnessTracker2.xcdatamodeld;
			sourceTree = "<group>";
			versionGroupType = wrapper.xcdatamodel;
		};
/* End XCVersionGroup section */
	};
	rootObject = 731C7C0920FAC3F500512FDC /* Project object */;
}
